# This file is automatically @generated by Cargo.
# It is not intended for manual editing.
[[package]]
name = "easy_mark"
version = "0.1.0"
dependencies = [
 "read_input",
]

[[package]]
name = "read_input"
version = "0.8.4"
source = "registry+https://github.com/rust-lang/crates.io-index"
checksum = "b57518cc6538a2eb7dce826e24fa51d0b7cf8e744ee10c7f56259cdec40050e5"
